
Microsoft Visual Studio Solution File, Format Version 12.00
# Visual Studio 15
VisualStudioVersion = 15.0.26124.0
MinimumVisualStudioVersion = 15.0.26124.0
Project("{2150E333-8FDC-42A3-9474-1A3956D46DE8}") = "src", "src", "{C527902E-EBCC-47F2-B6FC-A0AC3A0FC1DB}"
EndProject
Project("{FAE04EC0-301F-11D3-BF4B-00C04F79EFBC}") = "Abitech.NextApi.Client", "src\client\Abitech.NextApi.Client\Abitech.NextApi.Client.csproj", "{92A6DA32-6BDE-4698-8595-028FA91CDC54}"
EndProject
Project("{FAE04EC0-301F-11D3-BF4B-00C04F79EFBC}") = "Abitech.NextApi.Model", "src\base\Abitech.NextApi.Model\Abitech.NextApi.Model.csproj", "{834E115F-2AD2-437E-A768-58FCA8B2C1F5}"
EndProject
Project("{FAE04EC0-301F-11D3-BF4B-00C04F79EFBC}") = "Abitech.NextApi.Server", "src\server\Abitech.NextApi.Server\Abitech.NextApi.Server.csproj", "{CB480482-4B2D-4939-8775-C6CCD31DE2D0}"
EndProject
Project("{2150E333-8FDC-42A3-9474-1A3956D46DE8}") = "test", "test", "{D4BDCE23-4F7E-416B-9B17-3A414DE8F9EA}"
EndProject
Project("{FAE04EC0-301F-11D3-BF4B-00C04F79EFBC}") = "Abitech.NextApi.Server.Tests", "test\Abitech.NextApi.Server.Tests\Abitech.NextApi.Server.Tests.csproj", "{2B6DA4E9-47B6-47E5-A2E9-2D181DB831BC}"
EndProject
Project("{FAE04EC0-301F-11D3-BF4B-00C04F79EFBC}") = "Abitech.NextApi.Client.MicrosoftDI", "src\client\Abitech.NextApi.Client.MicrosoftDI\Abitech.NextApi.Client.MicrosoftDI.csproj", "{B575090D-AAC6-4EB2-BFD4-54317CFBDA46}"
EndProject
Project("{FAE04EC0-301F-11D3-BF4B-00C04F79EFBC}") = "Abitech.NextApi.Client.Tests", "test\Abitech.NextApi.Client.Tests\Abitech.NextApi.Client.Tests.csproj", "{220CBE49-3B7D-42A8-8BDE-B1EC5C47ECA1}"
EndProject
Project("{FAE04EC0-301F-11D3-BF4B-00C04F79EFBC}") = "Abitech.NextApi.Server.EfCore", "src\server\Abitech.NextApi.Server.EfCore\Abitech.NextApi.Server.EfCore.csproj", "{7A440BF1-09D2-4DF8-B894-FEA301E67E65}"
EndProject
Project("{FAE04EC0-301F-11D3-BF4B-00C04F79EFBC}") = "Abitech.NextApi.Server.EfCore.Tests", "test\Abitech.NextApi.Server.EfCore.Tests\Abitech.NextApi.Server.EfCore.Tests.csproj", "{553BD4C0-EF6E-4622-A105-FE7044481E0A}"
EndProject
Project("{2150E333-8FDC-42A3-9474-1A3956D46DE8}") = "client", "client", "{F8746E20-6C0B-4E97-AFAE-C653DE2628D4}"
EndProject
Project("{2150E333-8FDC-42A3-9474-1A3956D46DE8}") = "base", "base", "{C705E022-1778-4771-9DF0-2CCE4B60B0E4}"
EndProject
Project("{2150E333-8FDC-42A3-9474-1A3956D46DE8}") = "server", "server", "{F4E9A3DC-2E23-4ED4-A51F-0A8E798F234E}"
EndProject
Project("{FAE04EC0-301F-11D3-BF4B-00C04F79EFBC}") = "Abitech.NextApi.Client.Autofac", "src\client\Abitech.NextApi.Client.Autofac\Abitech.NextApi.Client.Autofac.csproj", "{428A03DE-6B38-4751-A920-AD68DEF7F0A7}"
EndProject
Global
	GlobalSection(SolutionConfigurationPlatforms) = preSolution
		Debug|Any CPU = Debug|Any CPU
		Debug|x64 = Debug|x64
		Debug|x86 = Debug|x86
		Release|Any CPU = Release|Any CPU
		Release|x64 = Release|x64
		Release|x86 = Release|x86
	EndGlobalSection
	GlobalSection(SolutionProperties) = preSolution
		HideSolutionNode = FALSE
	EndGlobalSection
	GlobalSection(ProjectConfigurationPlatforms) = postSolution
		{92A6DA32-6BDE-4698-8595-028FA91CDC54}.Debug|Any CPU.ActiveCfg = Debug|Any CPU
		{92A6DA32-6BDE-4698-8595-028FA91CDC54}.Debug|Any CPU.Build.0 = Debug|Any CPU
		{92A6DA32-6BDE-4698-8595-028FA91CDC54}.Debug|x64.ActiveCfg = Debug|Any CPU
		{92A6DA32-6BDE-4698-8595-028FA91CDC54}.Debug|x64.Build.0 = Debug|Any CPU
		{92A6DA32-6BDE-4698-8595-028FA91CDC54}.Debug|x86.ActiveCfg = Debug|Any CPU
		{92A6DA32-6BDE-4698-8595-028FA91CDC54}.Debug|x86.Build.0 = Debug|Any CPU
		{92A6DA32-6BDE-4698-8595-028FA91CDC54}.Release|Any CPU.ActiveCfg = Release|Any CPU
		{92A6DA32-6BDE-4698-8595-028FA91CDC54}.Release|Any CPU.Build.0 = Release|Any CPU
		{92A6DA32-6BDE-4698-8595-028FA91CDC54}.Release|x64.ActiveCfg = Release|Any CPU
		{92A6DA32-6BDE-4698-8595-028FA91CDC54}.Release|x64.Build.0 = Release|Any CPU
		{92A6DA32-6BDE-4698-8595-028FA91CDC54}.Release|x86.ActiveCfg = Release|Any CPU
		{92A6DA32-6BDE-4698-8595-028FA91CDC54}.Release|x86.Build.0 = Release|Any CPU
		{834E115F-2AD2-437E-A768-58FCA8B2C1F5}.Debug|Any CPU.ActiveCfg = Debug|Any CPU
		{834E115F-2AD2-437E-A768-58FCA8B2C1F5}.Debug|Any CPU.Build.0 = Debug|Any CPU
		{834E115F-2AD2-437E-A768-58FCA8B2C1F5}.Debug|x64.ActiveCfg = Debug|Any CPU
		{834E115F-2AD2-437E-A768-58FCA8B2C1F5}.Debug|x64.Build.0 = Debug|Any CPU
		{834E115F-2AD2-437E-A768-58FCA8B2C1F5}.Debug|x86.ActiveCfg = Debug|Any CPU
		{834E115F-2AD2-437E-A768-58FCA8B2C1F5}.Debug|x86.Build.0 = Debug|Any CPU
		{834E115F-2AD2-437E-A768-58FCA8B2C1F5}.Release|Any CPU.ActiveCfg = Release|Any CPU
		{834E115F-2AD2-437E-A768-58FCA8B2C1F5}.Release|Any CPU.Build.0 = Release|Any CPU
		{834E115F-2AD2-437E-A768-58FCA8B2C1F5}.Release|x64.ActiveCfg = Release|Any CPU
		{834E115F-2AD2-437E-A768-58FCA8B2C1F5}.Release|x64.Build.0 = Release|Any CPU
		{834E115F-2AD2-437E-A768-58FCA8B2C1F5}.Release|x86.ActiveCfg = Release|Any CPU
		{834E115F-2AD2-437E-A768-58FCA8B2C1F5}.Release|x86.Build.0 = Release|Any CPU
		{CB480482-4B2D-4939-8775-C6CCD31DE2D0}.Debug|Any CPU.ActiveCfg = Debug|Any CPU
		{CB480482-4B2D-4939-8775-C6CCD31DE2D0}.Debug|Any CPU.Build.0 = Debug|Any CPU
		{CB480482-4B2D-4939-8775-C6CCD31DE2D0}.Debug|x64.ActiveCfg = Debug|Any CPU
		{CB480482-4B2D-4939-8775-C6CCD31DE2D0}.Debug|x64.Build.0 = Debug|Any CPU
		{CB480482-4B2D-4939-8775-C6CCD31DE2D0}.Debug|x86.ActiveCfg = Debug|Any CPU
		{CB480482-4B2D-4939-8775-C6CCD31DE2D0}.Debug|x86.Build.0 = Debug|Any CPU
		{CB480482-4B2D-4939-8775-C6CCD31DE2D0}.Release|Any CPU.ActiveCfg = Release|Any CPU
		{CB480482-4B2D-4939-8775-C6CCD31DE2D0}.Release|Any CPU.Build.0 = Release|Any CPU
		{CB480482-4B2D-4939-8775-C6CCD31DE2D0}.Release|x64.ActiveCfg = Release|Any CPU
		{CB480482-4B2D-4939-8775-C6CCD31DE2D0}.Release|x64.Build.0 = Release|Any CPU
		{CB480482-4B2D-4939-8775-C6CCD31DE2D0}.Release|x86.ActiveCfg = Release|Any CPU
		{CB480482-4B2D-4939-8775-C6CCD31DE2D0}.Release|x86.Build.0 = Release|Any CPU
		{2B6DA4E9-47B6-47E5-A2E9-2D181DB831BC}.Debug|Any CPU.ActiveCfg = Debug|Any CPU
		{2B6DA4E9-47B6-47E5-A2E9-2D181DB831BC}.Debug|Any CPU.Build.0 = Debug|Any CPU
		{2B6DA4E9-47B6-47E5-A2E9-2D181DB831BC}.Debug|x64.ActiveCfg = Debug|Any CPU
		{2B6DA4E9-47B6-47E5-A2E9-2D181DB831BC}.Debug|x64.Build.0 = Debug|Any CPU
		{2B6DA4E9-47B6-47E5-A2E9-2D181DB831BC}.Debug|x86.ActiveCfg = Debug|Any CPU
		{2B6DA4E9-47B6-47E5-A2E9-2D181DB831BC}.Debug|x86.Build.0 = Debug|Any CPU
		{2B6DA4E9-47B6-47E5-A2E9-2D181DB831BC}.Release|Any CPU.ActiveCfg = Release|Any CPU
		{2B6DA4E9-47B6-47E5-A2E9-2D181DB831BC}.Release|Any CPU.Build.0 = Release|Any CPU
		{2B6DA4E9-47B6-47E5-A2E9-2D181DB831BC}.Release|x64.ActiveCfg = Release|Any CPU
		{2B6DA4E9-47B6-47E5-A2E9-2D181DB831BC}.Release|x64.Build.0 = Release|Any CPU
		{2B6DA4E9-47B6-47E5-A2E9-2D181DB831BC}.Release|x86.ActiveCfg = Release|Any CPU
		{2B6DA4E9-47B6-47E5-A2E9-2D181DB831BC}.Release|x86.Build.0 = Release|Any CPU
		{B575090D-AAC6-4EB2-BFD4-54317CFBDA46}.Debug|Any CPU.ActiveCfg = Debug|Any CPU
		{B575090D-AAC6-4EB2-BFD4-54317CFBDA46}.Debug|Any CPU.Build.0 = Debug|Any CPU
		{B575090D-AAC6-4EB2-BFD4-54317CFBDA46}.Debug|x64.ActiveCfg = Debug|Any CPU
		{B575090D-AAC6-4EB2-BFD4-54317CFBDA46}.Debug|x64.Build.0 = Debug|Any CPU
		{B575090D-AAC6-4EB2-BFD4-54317CFBDA46}.Debug|x86.ActiveCfg = Debug|Any CPU
		{B575090D-AAC6-4EB2-BFD4-54317CFBDA46}.Debug|x86.Build.0 = Debug|Any CPU
		{B575090D-AAC6-4EB2-BFD4-54317CFBDA46}.Release|Any CPU.ActiveCfg = Release|Any CPU
		{B575090D-AAC6-4EB2-BFD4-54317CFBDA46}.Release|Any CPU.Build.0 = Release|Any CPU
		{B575090D-AAC6-4EB2-BFD4-54317CFBDA46}.Release|x64.ActiveCfg = Release|Any CPU
		{B575090D-AAC6-4EB2-BFD4-54317CFBDA46}.Release|x64.Build.0 = Release|Any CPU
		{B575090D-AAC6-4EB2-BFD4-54317CFBDA46}.Release|x86.ActiveCfg = Release|Any CPU
		{B575090D-AAC6-4EB2-BFD4-54317CFBDA46}.Release|x86.Build.0 = Release|Any CPU
		{220CBE49-3B7D-42A8-8BDE-B1EC5C47ECA1}.Debug|Any CPU.ActiveCfg = Debug|Any CPU
		{220CBE49-3B7D-42A8-8BDE-B1EC5C47ECA1}.Debug|Any CPU.Build.0 = Debug|Any CPU
		{220CBE49-3B7D-42A8-8BDE-B1EC5C47ECA1}.Debug|x64.ActiveCfg = Debug|Any CPU
		{220CBE49-3B7D-42A8-8BDE-B1EC5C47ECA1}.Debug|x64.Build.0 = Debug|Any CPU
		{220CBE49-3B7D-42A8-8BDE-B1EC5C47ECA1}.Debug|x86.ActiveCfg = Debug|Any CPU
		{220CBE49-3B7D-42A8-8BDE-B1EC5C47ECA1}.Debug|x86.Build.0 = Debug|Any CPU
		{220CBE49-3B7D-42A8-8BDE-B1EC5C47ECA1}.Release|Any CPU.ActiveCfg = Release|Any CPU
		{220CBE49-3B7D-42A8-8BDE-B1EC5C47ECA1}.Release|Any CPU.Build.0 = Release|Any CPU
		{220CBE49-3B7D-42A8-8BDE-B1EC5C47ECA1}.Release|x64.ActiveCfg = Release|Any CPU
		{220CBE49-3B7D-42A8-8BDE-B1EC5C47ECA1}.Release|x64.Build.0 = Release|Any CPU
		{220CBE49-3B7D-42A8-8BDE-B1EC5C47ECA1}.Release|x86.ActiveCfg = Release|Any CPU
		{220CBE49-3B7D-42A8-8BDE-B1EC5C47ECA1}.Release|x86.Build.0 = Release|Any CPU
		{7A440BF1-09D2-4DF8-B894-FEA301E67E65}.Debug|Any CPU.ActiveCfg = Debug|Any CPU
		{7A440BF1-09D2-4DF8-B894-FEA301E67E65}.Debug|Any CPU.Build.0 = Debug|Any CPU
		{7A440BF1-09D2-4DF8-B894-FEA301E67E65}.Debug|x64.ActiveCfg = Debug|Any CPU
		{7A440BF1-09D2-4DF8-B894-FEA301E67E65}.Debug|x64.Build.0 = Debug|Any CPU
		{7A440BF1-09D2-4DF8-B894-FEA301E67E65}.Debug|x86.ActiveCfg = Debug|Any CPU
		{7A440BF1-09D2-4DF8-B894-FEA301E67E65}.Debug|x86.Build.0 = Debug|Any CPU
		{7A440BF1-09D2-4DF8-B894-FEA301E67E65}.Release|Any CPU.ActiveCfg = Release|Any CPU
		{7A440BF1-09D2-4DF8-B894-FEA301E67E65}.Release|Any CPU.Build.0 = Release|Any CPU
		{7A440BF1-09D2-4DF8-B894-FEA301E67E65}.Release|x64.ActiveCfg = Release|Any CPU
		{7A440BF1-09D2-4DF8-B894-FEA301E67E65}.Release|x64.Build.0 = Release|Any CPU
		{7A440BF1-09D2-4DF8-B894-FEA301E67E65}.Release|x86.ActiveCfg = Release|Any CPU
		{7A440BF1-09D2-4DF8-B894-FEA301E67E65}.Release|x86.Build.0 = Release|Any CPU
		{553BD4C0-EF6E-4622-A105-FE7044481E0A}.Debug|Any CPU.ActiveCfg = Debug|Any CPU
		{553BD4C0-EF6E-4622-A105-FE7044481E0A}.Debug|Any CPU.Build.0 = Debug|Any CPU
		{553BD4C0-EF6E-4622-A105-FE7044481E0A}.Debug|x64.ActiveCfg = Debug|Any CPU
		{553BD4C0-EF6E-4622-A105-FE7044481E0A}.Debug|x64.Build.0 = Debug|Any CPU
		{553BD4C0-EF6E-4622-A105-FE7044481E0A}.Debug|x86.ActiveCfg = Debug|Any CPU
		{553BD4C0-EF6E-4622-A105-FE7044481E0A}.Debug|x86.Build.0 = Debug|Any CPU
		{553BD4C0-EF6E-4622-A105-FE7044481E0A}.Release|Any CPU.ActiveCfg = Release|Any CPU
		{553BD4C0-EF6E-4622-A105-FE7044481E0A}.Release|Any CPU.Build.0 = Release|Any CPU
		{553BD4C0-EF6E-4622-A105-FE7044481E0A}.Release|x64.ActiveCfg = Release|Any CPU
		{553BD4C0-EF6E-4622-A105-FE7044481E0A}.Release|x64.Build.0 = Release|Any CPU
		{553BD4C0-EF6E-4622-A105-FE7044481E0A}.Release|x86.ActiveCfg = Release|Any CPU
		{553BD4C0-EF6E-4622-A105-FE7044481E0A}.Release|x86.Build.0 = Release|Any CPU
		{428A03DE-6B38-4751-A920-AD68DEF7F0A7}.Debug|Any CPU.ActiveCfg = Debug|Any CPU
		{428A03DE-6B38-4751-A920-AD68DEF7F0A7}.Debug|Any CPU.Build.0 = Debug|Any CPU
		{428A03DE-6B38-4751-A920-AD68DEF7F0A7}.Debug|x64.ActiveCfg = Debug|Any CPU
		{428A03DE-6B38-4751-A920-AD68DEF7F0A7}.Debug|x64.Build.0 = Debug|Any CPU
		{428A03DE-6B38-4751-A920-AD68DEF7F0A7}.Debug|x86.ActiveCfg = Debug|Any CPU
		{428A03DE-6B38-4751-A920-AD68DEF7F0A7}.Debug|x86.Build.0 = Debug|Any CPU
		{428A03DE-6B38-4751-A920-AD68DEF7F0A7}.Release|Any CPU.ActiveCfg = Release|Any CPU
		{428A03DE-6B38-4751-A920-AD68DEF7F0A7}.Release|Any CPU.Build.0 = Release|Any CPU
		{428A03DE-6B38-4751-A920-AD68DEF7F0A7}.Release|x64.ActiveCfg = Release|Any CPU
		{428A03DE-6B38-4751-A920-AD68DEF7F0A7}.Release|x64.Build.0 = Release|Any CPU
		{428A03DE-6B38-4751-A920-AD68DEF7F0A7}.Release|x86.ActiveCfg = Release|Any CPU
		{428A03DE-6B38-4751-A920-AD68DEF7F0A7}.Release|x86.Build.0 = Release|Any CPU
	EndGlobalSection
	GlobalSection(NestedProjects) = preSolution
		{2B6DA4E9-47B6-47E5-A2E9-2D181DB831BC} = {D4BDCE23-4F7E-416B-9B17-3A414DE8F9EA}
		{220CBE49-3B7D-42A8-8BDE-B1EC5C47ECA1} = {D4BDCE23-4F7E-416B-9B17-3A414DE8F9EA}
		{553BD4C0-EF6E-4622-A105-FE7044481E0A} = {D4BDCE23-4F7E-416B-9B17-3A414DE8F9EA}
		{F8746E20-6C0B-4E97-AFAE-C653DE2628D4} = {C527902E-EBCC-47F2-B6FC-A0AC3A0FC1DB}
		{C705E022-1778-4771-9DF0-2CCE4B60B0E4} = {C527902E-EBCC-47F2-B6FC-A0AC3A0FC1DB}
		{F4E9A3DC-2E23-4ED4-A51F-0A8E798F234E} = {C527902E-EBCC-47F2-B6FC-A0AC3A0FC1DB}
		{92A6DA32-6BDE-4698-8595-028FA91CDC54} = {F8746E20-6C0B-4E97-AFAE-C653DE2628D4}
		{B575090D-AAC6-4EB2-BFD4-54317CFBDA46} = {F8746E20-6C0B-4E97-AFAE-C653DE2628D4}
		{834E115F-2AD2-437E-A768-58FCA8B2C1F5} = {C705E022-1778-4771-9DF0-2CCE4B60B0E4}
		{CB480482-4B2D-4939-8775-C6CCD31DE2D0} = {F4E9A3DC-2E23-4ED4-A51F-0A8E798F234E}
		{7A440BF1-09D2-4DF8-B894-FEA301E67E65} = {F4E9A3DC-2E23-4ED4-A51F-0A8E798F234E}
		{428A03DE-6B38-4751-A920-AD68DEF7F0A7} = {F8746E20-6C0B-4E97-AFAE-C653DE2628D4}
	EndGlobalSection
EndGlobal
